
Microsoft Visual Studio Solution File, Format Version 12.00
# Visual Studio Version 16
VisualStudioVersion = 16.0.30804.86
MinimumVisualStudioVersion = 10.0.40219.1
Project("{8BC9CEB8-8B4A-11D0-8D11-00A0C91BC942}") = "Sandbox", "Sandbox\Sandbox.vcxproj", "{4302B9BE-48EB-4590-B75C-565652A60567}"
EndProject
Project("{8BC9CEB8-8B4A-11D0-8D11-00A0C91BC942}") = "Citrine", "Citrine\Citrine.vcxproj", "{EC6A6506-5E57-400D-88A6-AEC191C3E4DC}"
EndProject
Global
	GlobalSection(SolutionConfigurationPlatforms) = preSolution
		Debug|x64 = Debug|x64
		Release|x64 = Release|x64
	EndGlobalSection
	GlobalSection(ProjectConfigurationPlatforms) = postSolution
		{EC6A6506-5E57-400D-88A6-AEC191C3E4DC}.Debug|x64.ActiveCfg = Debug|x64
		{EC6A6506-5E57-400D-88A6-AEC191C3E4DC}.Debug|x64.Build.0 = Debug|x64
		{EC6A6506-5E57-400D-88A6-AEC191C3E4DC}.Release|x64.ActiveCfg = Release|x64
		{EC6A6506-5E57-400D-88A6-AEC191C3E4DC}.Release|x64.Build.0 = Release|x64
		{4302B9BE-48EB-4590-B75C-565652A60567}.Debug|x64.ActiveCfg = Debug|x64
		{4302B9BE-48EB-4590-B75C-565652A60567}.Debug|x64.Build.0 = Debug|x64
		{4302B9BE-48EB-4590-B75C-565652A60567}.Release|x64.ActiveCfg = Release|x64
		{4302B9BE-48EB-4590-B75C-565652A60567}.Release|x64.Build.0 = Release|x64
	EndGlobalSection
	GlobalSection(SolutionProperties) = preSolution
		HideSolutionNode = FALSE
	EndGlobalSection
	GlobalSection(ExtensibilityGlobals) = postSolution
		SolutionGuid = {4ED7EB36-0A4A-49EE-8261-63A2E0417CDE}
	EndGlobalSection
EndGlobal
