<?xml version="1.0" encoding="utf-8"?>
<Project ToolsVersion="4.0" xmlns="http://schemas.microsoft.com/developer/msbuild/2003">
  <ItemGroup>
    <Filter Include="Citrine">
      <UniqueIdentifier>{D3989E26-3F78-1DC2-4890-A898B4EE8323}</UniqueIdentifier>
    </Filter>
    <Filter Include="Citrine\Events">
      <UniqueIdentifier>{57B9FB64-4387-EF6A-2C1B-60911888CBCF}</UniqueIdentifier>
    </Filter>
  </ItemGroup>
  <ItemGroup>
    <ClInclude Include="src\Citrine.h" />
    <ClInclude Include="src\Citrine\Application.h">
      <Filter>Citrine</Filter>
    </ClInclude>
    <ClInclude Include="src\Citrine\Core.h">
      <Filter>Citrine</Filter>
    </ClInclude>
    <ClInclude Include="src\Citrine\EntryPoint.h">
      <Filter>Citrine</Filter>
    </ClInclude>
    <ClInclude Include="src\Citrine\Events\ApplicationEvent.h">
      <Filter>Citrine\Events</Filter>
    </ClInclude>
    <ClInclude Include="src\Citrine\Events\Event.h">
      <Filter>Citrine\Events</Filter>
    </ClInclude>
    <ClInclude Include="src\Citrine\Events\KeyEvent.h">
      <Filter>Citrine\Events</Filter>
    </ClInclude>
    <ClInclude Include="src\Citrine\Events\MouseEvent.h">
      <Filter>Citrine\Events</Filter>
    </ClInclude>
    <ClInclude Include="src\Citrine\Log.h">
      <Filter>Citrine</Filter>
    </ClInclude>
    <ClInclude Include="src\ctpch.h" />
    <ClInclude Include="Window.h">
      <Filter>Citrine</Filter>
    </ClInclude>
    <ClInclude Include="src\Platform\Windows\WindowsWindow.h" />
  </ItemGroup>
  <ItemGroup>
    <ClCompile Include="src\Citrine\Application.cpp">
      <Filter>Citrine</Filter>
    </ClCompile>
    <ClCompile Include="src\Citrine\Log.cpp">
      <Filter>Citrine</Filter>
    </ClCompile>
    <ClCompile Include="src\ctpch.cpp" />
    <ClCompile Include="src\Platform\Windows\WindowsWindow.cpp" />
  </ItemGroup>
</Project>